// !$*UTF8*$!
{
	archiveVersion = 1;
	classes = {
	};
	objectVersion = 55;
	objects = {

/* Begin PBXBuildFile section */
		6012DBC32853E091002DD370 /* HomePage.swift in Sources */ = {isa = PBXBuildFile; fileRef = 6012DBC22853E091002DD370 /* HomePage.swift */; };
		6012DBC52853E0C6002DD370 /* NavBar.swift in Sources */ = {isa = PBXBuildFile; fileRef = 6012DBC42853E0C6002DD370 /* NavBar.swift */; };
		6020084A2852C16B0027BD85 /* TabCurve.swift in Sources */ = {isa = PBXBuildFile; fileRef = 602008492852C16B0027BD85 /* TabCurve.swift */; };
		60DC299C284FD5A00015CD9D /* TappingApp.swift in Sources */ = {isa = PBXBuildFile; fileRef = 60DC299B284FD5A00015CD9D /* TappingApp.swift */; };
		60DC299E284FD5A00015CD9D /* ContentView.swift in Sources */ = {isa = PBXBuildFile; fileRef = 60DC299D284FD5A00015CD9D /* ContentView.swift */; };
		60DC29A0284FD5A30015CD9D /* Assets.xcassets in Resources */ = {isa = PBXBuildFile; fileRef = 60DC299F284FD5A30015CD9D /* Assets.xcassets */; };
		60DC29A3284FD5A30015CD9D /* Preview Assets.xcassets in Resources */ = {isa = PBXBuildFile; fileRef = 60DC29A2284FD5A30015CD9D /* Preview Assets.xcassets */; };
		60DC29A5284FD5A30015CD9D /* Persistence.swift in Sources */ = {isa = PBXBuildFile; fileRef = 60DC29A4284FD5A30015CD9D /* Persistence.swift */; };
		60DC29A8284FD5A30015CD9D /* Tapping.xcdatamodeld in Sources */ = {isa = PBXBuildFile; fileRef = 60DC29A6284FD5A30015CD9D /* Tapping.xcdatamodeld */; };
		60DC29B2284FD5A40015CD9D /* TappingTests.swift in Sources */ = {isa = PBXBuildFile; fileRef = 60DC29B1284FD5A40015CD9D /* TappingTests.swift */; };
		60DC29BC284FD5A40015CD9D /* TappingUITests.swift in Sources */ = {isa = PBXBuildFile; fileRef = 60DC29BB284FD5A40015CD9D /* TappingUITests.swift */; };
		60DC29BE284FD5A40015CD9D /* TappingUITestsLaunchTests.swift in Sources */ = {isa = PBXBuildFile; fileRef = 60DC29BD284FD5A40015CD9D /* TappingUITestsLaunchTests.swift */; };
/* End PBXBuildFile section */

/* Begin PBXContainerItemProxy section */
		60DC29AE284FD5A40015CD9D /* PBXContainerItemProxy */ = {
			isa = PBXContainerItemProxy;
			containerPortal = 60DC2990284FD5A00015CD9D /* Project object */;
			proxyType = 1;
			remoteGlobalIDString = 60DC2997284FD5A00015CD9D;
			remoteInfo = Tapping;
		};
		60DC29B8284FD5A40015CD9D /* PBXContainerItemProxy */ = {
			isa = PBXContainerItemProxy;
			containerPortal = 60DC2990284FD5A00015CD9D /* Project object */;
			proxyType = 1;
			remoteGlobalIDString = 60DC2997284FD5A00015CD9D;
			remoteInfo = Tapping;
		};
/* End PBXContainerItemProxy section */

/* Begin PBXFileReference section */
		6012DBC22853E091002DD370 /* HomePage.swift */ = {isa = PBXFileReference; lastKnownFileType = sourcecode.swift; path = HomePage.swift; sourceTree = "<group>"; };
		6012DBC42853E0C6002DD370 /* NavBar.swift */ = {isa = PBXFileReference; lastKnownFileType = sourcecode.swift; path = NavBar.swift; sourceTree = "<group>"; };
		602008492852C16B0027BD85 /* TabCurve.swift */ = {isa = PBXFileReference; lastKnownFileType = sourcecode.swift; path = TabCurve.swift; sourceTree = "<group>"; };
		60DC2998284FD5A00015CD9D /* Tapping.app */ = {isa = PBXFileReference; explicitFileType = wrapper.application; includeInIndex = 0; path = Tapping.app; sourceTree = BUILT_PRODUCTS_DIR; };
		60DC299B284FD5A00015CD9D /* TappingApp.swift */ = {isa = PBXFileReference; lastKnownFileType = sourcecode.swift; path = TappingApp.swift; sourceTree = "<group>"; };
		60DC299D284FD5A00015CD9D /* ContentView.swift */ = {isa = PBXFileReference; lastKnownFileType = sourcecode.swift; path = ContentView.swift; sourceTree = "<group>"; };
		60DC299F284FD5A30015CD9D /* Assets.xcassets */ = {isa = PBXFileReference; lastKnownFileType = folder.assetcatalog; path = Assets.xcassets; sourceTree = "<group>"; };
		60DC29A2284FD5A30015CD9D /* Preview Assets.xcassets */ = {isa = PBXFileReference; lastKnownFileType = folder.assetcatalog; path = "Preview Assets.xcassets"; sourceTree = "<group>"; };
		60DC29A4284FD5A30015CD9D /* Persistence.swift */ = {isa = PBXFileReference; lastKnownFileType = sourcecode.swift; path = Persistence.swift; sourceTree = "<group>"; };
		60DC29A7284FD5A30015CD9D /* Tapping.xcdatamodel */ = {isa = PBXFileReference; lastKnownFileType = wrapper.xcdatamodel; path = Tapping.xcdatamodel; sourceTree = "<group>"; };
		60DC29AD284FD5A40015CD9D /* TappingTests.xctest */ = {isa = PBXFileReference; explicitFileType = wrapper.cfbundle; includeInIndex = 0; path = TappingTests.xctest; sourceTree = BUILT_PRODUCTS_DIR; };
		60DC29B1284FD5A40015CD9D /* TappingTests.swift */ = {isa = PBXFileReference; lastKnownFileType = sourcecode.swift; path = TappingTests.swift; sourceTree = "<group>"; };
		60DC29B7284FD5A40015CD9D /* TappingUITests.xctest */ = {isa = PBXFileReference; explicitFileType = wrapper.cfbundle; includeInIndex = 0; path = TappingUITests.xctest; sourceTree = BUILT_PRODUCTS_DIR; };
		60DC29BB284FD5A40015CD9D /* TappingUITests.swift */ = {isa = PBXFileReference; lastKnownFileType = sourcecode.swift; path = TappingUITests.swift; sourceTree = "<group>"; };
		60DC29BD284FD5A40015CD9D /* TappingUITestsLaunchTests.swift */ = {isa = PBXFileReference; lastKnownFileType = sourcecode.swift; path = TappingUITestsLaunchTests.swift; sourceTree = "<group>"; };
/* End PBXFileReference section */

/* Begin PBXFrameworksBuildPhase section */
		60DC2995284FD5A00015CD9D /* Frameworks */ = {
			isa = PBXFrameworksBuildPhase;
			buildActionMask = 2147483647;
			files = (
			);
			runOnlyForDeploymentPostprocessing = 0;
		};
		60DC29AA284FD5A40015CD9D /* Frameworks */ = {
			isa = PBXFrameworksBuildPhase;
			buildActionMask = 2147483647;
			files = (
			);
			runOnlyForDeploymentPostprocessing = 0;
		};
		60DC29B4284FD5A40015CD9D /* Frameworks */ = {
			isa = PBXFrameworksBuildPhase;
			buildActionMask = 2147483647;
			files = (
			);
			runOnlyForDeploymentPostprocessing = 0;
		};
/* End PBXFrameworksBuildPhase section */

/* Begin PBXGroup section */
		60DC298F284FD5A00015CD9D = {
			isa = PBXGroup;
			children = (
				60DC299A284FD5A00015CD9D /* Tapping */,
				60DC29B0284FD5A40015CD9D /* TappingTests */,
				60DC29BA284FD5A40015CD9D /* TappingUITests */,
				60DC2999284FD5A00015CD9D /* Products */,
			);
			sourceTree = "<group>";
		};
		60DC2999284FD5A00015CD9D /* Products */ = {
			isa = PBXGroup;
			children = (
				60DC2998284FD5A00015CD9D /* Tapping.app */,
				60DC29AD284FD5A40015CD9D /* TappingTests.xctest */,
				60DC29B7284FD5A40015CD9D /* TappingUITests.xctest */,
			);
			name = Products;
			sourceTree = "<group>";
		};
		60DC299A284FD5A00015CD9D /* Tapping */ = {
			isa = PBXGroup;
			children = (
				60DC299B284FD5A00015CD9D /* TappingApp.swift */,
				60DC299D284FD5A00015CD9D /* ContentView.swift */,
				6012DBC22853E091002DD370 /* HomePage.swift */,
				6012DBC42853E0C6002DD370 /* NavBar.swift */,
				602008492852C16B0027BD85 /* TabCurve.swift */,
				60DC299F284FD5A30015CD9D /* Assets.xcassets */,
				60DC29A4284FD5A30015CD9D /* Persistence.swift */,
				60DC29A6284FD5A30015CD9D /* Tapping.xcdatamodeld */,
				60DC29A1284FD5A30015CD9D /* Preview Content */,
			);
			path = Tapping;
			sourceTree = "<group>";
		};
		60DC29A1284FD5A30015CD9D /* Preview Content */ = {
			isa = PBXGroup;
			children = (
				60DC29A2284FD5A30015CD9D /* Preview Assets.xcassets */,
			);
			path = "Preview Content";
			sourceTree = "<group>";
		};
		60DC29B0284FD5A40015CD9D /* TappingTests */ = {
			isa = PBXGroup;
			children = (
				60DC29B1284FD5A40015CD9D /* TappingTests.swift */,
			);
			path = TappingTests;
			sourceTree = "<group>";
		};
		60DC29BA284FD5A40015CD9D /* TappingUITests */ = {
			isa = PBXGroup;
			children = (
				60DC29BB284FD5A40015CD9D /* TappingUITests.swift */,
				60DC29BD284FD5A40015CD9D /* TappingUITestsLaunchTests.swift */,
			);
			path = TappingUITests;
			sourceTree = "<group>";
		};
/* End PBXGroup section */

/* Begin PBXNativeTarget section */
		60DC2997284FD5A00015CD9D /* Tapping */ = {
			isa = PBXNativeTarget;
			buildConfigurationList = 60DC29C1284FD5A40015CD9D /* Build configuration list for PBXNativeTarget "Tapping" */;
			buildPhases = (
				60DC2994284FD5A00015CD9D /* Sources */,
				60DC2995284FD5A00015CD9D /* Frameworks */,
				60DC2996284FD5A00015CD9D /* Resources */,
			);
			buildRules = (
			);
			dependencies = (
			);
			name = Tapping;
			productName = Tapping;
			productReference = 60DC2998284FD5A00015CD9D /* Tapping.app */;
			productType = "com.apple.product-type.application";
		};
		60DC29AC284FD5A40015CD9D /* TappingTests */ = {
			isa = PBXNativeTarget;
			buildConfigurationList = 60DC29C4284FD5A40015CD9D /* Build configuration list for PBXNativeTarget "TappingTests" */;
			buildPhases = (
				60DC29A9284FD5A40015CD9D /* Sources */,
				60DC29AA284FD5A40015CD9D /* Frameworks */,
				60DC29AB284FD5A40015CD9D /* Resources */,
			);
			buildRules = (
			);
			dependencies = (
				60DC29AF284FD5A40015CD9D /* PBXTargetDependency */,
			);
			name = TappingTests;
			productName = TappingTests;
			productReference = 60DC29AD284FD5A40015CD9D /* TappingTests.xctest */;
			productType = "com.apple.product-type.bundle.unit-test";
		};
		60DC29B6284FD5A40015CD9D /* TappingUITests */ = {
			isa = PBXNativeTarget;
			buildConfigurationList = 60DC29C7284FD5A40015CD9D /* Build configuration list for PBXNativeTarget "TappingUITests" */;
			buildPhases = (
				60DC29B3284FD5A40015CD9D /* Sources */,
				60DC29B4284FD5A40015CD9D /* Frameworks */,
				60DC29B5284FD5A40015CD9D /* Resources */,
			);
			buildRules = (
			);
			dependencies = (
				60DC29B9284FD5A40015CD9D /* PBXTargetDependency */,
			);
			name = TappingUITests;
			productName = TappingUITests;
			productReference = 60DC29B7284FD5A40015CD9D /* TappingUITests.xctest */;
			productType = "com.apple.product-type.bundle.ui-testing";
		};
/* End PBXNativeTarget section */

/* Begin PBXProject section */
		60DC2990284FD5A00015CD9D /* Project object */ = {
			isa = PBXProject;
			attributes = {
				BuildIndependentTargetsInParallel = 1;
				LastSwiftUpdateCheck = 1320;
				LastUpgradeCheck = 1320;
				TargetAttributes = {
					60DC2997284FD5A00015CD9D = {
						CreatedOnToolsVersion = 13.2.1;
					};
					60DC29AC284FD5A40015CD9D = {
						CreatedOnToolsVersion = 13.2.1;
						TestTargetID = 60DC2997284FD5A00015CD9D;
					};
					60DC29B6284FD5A40015CD9D = {
						CreatedOnToolsVersion = 13.2.1;
						TestTargetID = 60DC2997284FD5A00015CD9D;
					};
				};
			};
			buildConfigurationList = 60DC2993284FD5A00015CD9D /* Build configuration list for PBXProject "Tapping" */;
			compatibilityVersion = "Xcode 13.0";
			developmentRegion = en;
			hasScannedForEncodings = 0;
			knownRegions = (
				en,
				Base,
			);
			mainGroup = 60DC298F284FD5A00015CD9D;
			productRefGroup = 60DC2999284FD5A00015CD9D /* Products */;
			projectDirPath = "";
			projectRoot = "";
			targets = (
				60DC2997284FD5A00015CD9D /* Tapping */,
				60DC29AC284FD5A40015CD9D /* TappingTests */,
				60DC29B6284FD5A40015CD9D /* TappingUITests */,
			);
		};
/* End PBXProject section */

/* Begin PBXResourcesBuildPhase section */
		60DC2996284FD5A00015CD9D /* Resources */ = {
			isa = PBXResourcesBuildPhase;
			buildActionMask = 2147483647;
			files = (
				60DC29A3284FD5A30015CD9D /* Preview Assets.xcassets in Resources */,
				60DC29A0284FD5A30015CD9D /* Assets.xcassets in Resources */,
			);
			runOnlyForDeploymentPostprocessing = 0;
		};
		60DC29AB284FD5A40015CD9D /* Resources */ = {
			isa = PBXResourcesBuildPhase;
			buildActionMask = 2147483647;
			files = (
			);
			runOnlyForDeploymentPostprocessing = 0;
		};
		60DC29B5284FD5A40015CD9D /* Resources */ = {
			isa = PBXResourcesBuildPhase;
			buildActionMask = 2147483647;
			files = (
			);
			runOnlyForDeploymentPostprocessing = 0;
		};
/* End PBXResourcesBuildPhase section */

/* Begin PBXSourcesBuildPhase section */
		60DC2994284FD5A00015CD9D /* Sources */ = {
			isa = PBXSourcesBuildPhase;
			buildActionMask = 2147483647;
			files = (
				60DC29A5284FD5A30015CD9D /* Persistence.swift in Sources */,
				6012DBC32853E091002DD370 /* HomePage.swift in Sources */,
				60DC299E284FD5A00015CD9D /* ContentView.swift in Sources */,
				60DC299C284FD5A00015CD9D /* TappingApp.swift in Sources */,
				6012DBC52853E0C6002DD370 /* NavBar.swift in Sources */,
				60DC29A8284FD5A30015CD9D /* Tapping.xcdatamodeld in Sources */,
				6020084A2852C16B0027BD85 /* TabCurve.swift in Sources */,
			);
			runOnlyForDeploymentPostprocessing = 0;
		};
		60DC29A9284FD5A40015CD9D /* Sources */ = {
			isa = PBXSourcesBuildPhase;
			buildActionMask = 2147483647;
			files = (
				60DC29B2284FD5A40015CD9D /* TappingTests.swift in Sources */,
			);
			runOnlyForDeploymentPostprocessing = 0;
		};
		60DC29B3284FD5A40015CD9D /* Sources */ = {
			isa = PBXSourcesBuildPhase;
			buildActionMask = 2147483647;
			files = (
				60DC29BE284FD5A40015CD9D /* TappingUITestsLaunchTests.swift in Sources */,
				60DC29BC284FD5A40015CD9D /* TappingUITests.swift in Sources */,
			);
			runOnlyForDeploymentPostprocessing = 0;
		};
/* End PBXSourcesBuildPhase section */

/* Begin PBXTargetDependency section */
		60DC29AF284FD5A40015CD9D /* PBXTargetDependency */ = {
			isa = PBXTargetDependency;
			target = 60DC2997284FD5A00015CD9D /* Tapping */;
			targetProxy = 60DC29AE284FD5A40015CD9D /* PBXContainerItemProxy */;
		};
		60DC29B9284FD5A40015CD9D /* PBXTargetDependency */ = {
			isa = PBXTargetDependency;
			target = 60DC2997284FD5A00015CD9D /* Tapping */;
			targetProxy = 60DC29B8284FD5A40015CD9D /* PBXContainerItemProxy */;
		};
/* End PBXTargetDependency section */

/* Begin XCBuildConfiguration section */
		60DC29BF284FD5A40015CD9D /* Debug */ = {
			isa = XCBuildConfiguration;
			buildSettings = {
				ALWAYS_SEARCH_USER_PATHS = NO;
				CLANG_ANALYZER_NONNULL = YES;
				CLANG_ANALYZER_NUMBER_OBJECT_CONVERSION = YES_AGGRESSIVE;
				CLANG_CXX_LANGUAGE_STANDARD = "gnu++17";
				CLANG_CXX_LIBRARY = "libc++";
				CLANG_ENABLE_MODULES = YES;
				CLANG_ENABLE_OBJC_ARC = YES;
				CLANG_ENABLE_OBJC_WEAK = YES;
				CLANG_WARN_BLOCK_CAPTURE_AUTORELEASING = YES;
				CLANG_WARN_BOOL_CONVERSION = YES;
				CLANG_WARN_COMMA = YES;
				CLANG_WARN_CONSTANT_CONVERSION = YES;
				CLANG_WARN_DEPRECATED_OBJC_IMPLEMENTATIONS = YES;
				CLANG_WARN_DIRECT_OBJC_ISA_USAGE = YES_ERROR;
				CLANG_WARN_DOCUMENTATION_COMMENTS = YES;
				CLANG_WARN_EMPTY_BODY = YES;
				CLANG_WARN_ENUM_CONVERSION = YES;
				CLANG_WARN_INFINITE_RECURSION = YES;
				CLANG_WARN_INT_CONVERSION = YES;
				CLANG_WARN_NON_LITERAL_NULL_CONVERSION = YES;
				CLANG_WARN_OBJC_IMPLICIT_RETAIN_SELF = YES;
				CLANG_WARN_OBJC_LITERAL_CONVERSION = YES;
				CLANG_WARN_OBJC_ROOT_CLASS = YES_ERROR;
				CLANG_WARN_QUOTED_INCLUDE_IN_FRAMEWORK_HEADER = YES;
				CLANG_WARN_RANGE_LOOP_ANALYSIS = YES;
				CLANG_WARN_STRICT_PROTOTYPES = YES;
				CLANG_WARN_SUSPICIOUS_MOVE = YES;
				CLANG_WARN_UNGUARDED_AVAILABILITY = YES_AGGRESSIVE;
				CLANG_WARN_UNREACHABLE_CODE = YES;
				CLANG_WARN__DUPLICATE_METHOD_MATCH = YES;
				COPY_PHASE_STRIP = NO;
				DEBUG_INFORMATION_FORMAT = dwarf;
				ENABLE_STRICT_OBJC_MSGSEND = YES;
				ENABLE_TESTABILITY = YES;
				GCC_C_LANGUAGE_STANDARD = gnu11;
				GCC_DYNAMIC_NO_PIC = NO;
				GCC_NO_COMMON_BLOCKS = YES;
				GCC_OPTIMIZATION_LEVEL = 0;
				GCC_PREPROCESSOR_DEFINITIONS = (
					"DEBUG=1",
					"$(inherited)",
				);
				GCC_WARN_64_TO_32_BIT_CONVERSION = YES;
				GCC_WARN_ABOUT_RETURN_TYPE = YES_ERROR;
				GCC_WARN_UNDECLARED_SELECTOR = YES;
				GCC_WARN_UNINITIALIZED_AUTOS = YES_AGGRESSIVE;
				GCC_WARN_UNUSED_FUNCTION = YES;
				GCC_WARN_UNUSED_VARIABLE = YES;
				IPHONEOS_DEPLOYMENT_TARGET = 15.2;
				MTL_ENABLE_DEBUG_INFO = INCLUDE_SOURCE;
				MTL_FAST_MATH = YES;
				ONLY_ACTIVE_ARCH = YES;
				SDKROOT = iphoneos;
				SWIFT_ACTIVE_COMPILATION_CONDITIONS = DEBUG;
				SWIFT_OPTIMIZATION_LEVEL = "-Onone";
			};
			name = Debug;
		};
		60DC29C0284FD5A40015CD9D /* Release */ = {
			isa = XCBuildConfiguration;
			buildSettings = {
				ALWAYS_SEARCH_USER_PATHS = NO;
				CLANG_ANALYZER_NONNULL = YES;
				CLANG_ANALYZER_NUMBER_OBJECT_CONVERSION = YES_AGGRESSIVE;
				CLANG_CXX_LANGUAGE_STANDARD = "gnu++17";
				CLANG_CXX_LIBRARY = "libc++";
				CLANG_ENABLE_MODULES = YES;
				CLANG_ENABLE_OBJC_ARC = YES;
				CLANG_ENABLE_OBJC_WEAK = YES;
				CLANG_WARN_BLOCK_CAPTURE_AUTORELEASING = YES;
				CLANG_WARN_BOOL_CONVERSION = YES;
				CLANG_WARN_COMMA = YES;
				CLANG_WARN_CONSTANT_CONVERSION = YES;
				CLANG_WARN_DEPRECATED_OBJC_IMPLEMENTATIONS = YES;
				CLANG_WARN_DIRECT_OBJC_ISA_USAGE = YES_ERROR;
				CLANG_WARN_DOCUMENTATION_COMMENTS = YES;
				CLANG_WARN_EMPTY_BODY = YES;
				CLANG_WARN_ENUM_CONVERSION = YES;
				CLANG_WARN_INFINITE_RECURSION = YES;
				CLANG_WARN_INT_CONVERSION = YES;
				CLANG_WARN_NON_LITERAL_NULL_CONVERSION = YES;
				CLANG_WARN_OBJC_IMPLICIT_RETAIN_SELF = YES;
				CLANG_WARN_OBJC_LITERAL_CONVERSION = YES;
				CLANG_WARN_OBJC_ROOT_CLASS = YES_ERROR;
				CLANG_WARN_QUOTED_INCLUDE_IN_FRAMEWORK_HEADER = YES;
				CLANG_WARN_RANGE_LOOP_ANALYSIS = YES;
				CLANG_WARN_STRICT_PROTOTYPES = YES;
				CLANG_WARN_SUSPICIOUS_MOVE = YES;
				CLANG_WARN_UNGUARDED_AVAILABILITY = YES_AGGRESSIVE;
				CLANG_WARN_UNREACHABLE_CODE = YES;
				CLANG_WARN__DUPLICATE_METHOD_MATCH = YES;
				COPY_PHASE_STRIP = NO;
				DEBUG_INFORMATION_FORMAT = "dwarf-with-dsym";
				ENABLE_NS_ASSERTIONS = NO;
				ENABLE_STRICT_OBJC_MSGSEND = YES;
				GCC_C_LANGUAGE_STANDARD = gnu11;
				GCC_NO_COMMON_BLOCKS = YES;
				GCC_WARN_64_TO_32_BIT_CONVERSION = YES;
				GCC_WARN_ABOUT_RETURN_TYPE = YES_ERROR;
				GCC_WARN_UNDECLARED_SELECTOR = YES;
				GCC_WARN_UNINITIALIZED_AUTOS = YES_AGGRESSIVE;
				GCC_WARN_UNUSED_FUNCTION = YES;
				GCC_WARN_UNUSED_VARIABLE = YES;
				IPHONEOS_DEPLOYMENT_TARGET = 15.2;
				MTL_ENABLE_DEBUG_INFO = NO;
				MTL_FAST_MATH = YES;
				SDKROOT = iphoneos;
				SWIFT_COMPILATION_MODE = wholemodule;
				SWIFT_OPTIMIZATION_LEVEL = "-O";
				VALIDATE_PRODUCT = YES;
			};
			name = Release;
		};
		60DC29C2284FD5A40015CD9D /* Debug */ = {
			isa = XCBuildConfiguration;
			buildSettings = {
				ASSETCATALOG_COMPILER_APPICON_NAME = AppIcon;
				ASSETCATALOG_COMPILER_GLOBAL_ACCENT_COLOR_NAME = AccentColor;
				CODE_SIGN_STYLE = Automatic;
				CURRENT_PROJECT_VERSION = 1;
				DEVELOPMENT_ASSET_PATHS = "\"Tapping/Preview Content\"";
				DEVELOPMENT_TEAM = R5KC6ZLS94;
				ENABLE_PREVIEWS = YES;
				GENERATE_INFOPLIST_FILE = YES;
				INFOPLIST_KEY_UIApplicationSceneManifest_Generation = YES;
				INFOPLIST_KEY_UIApplicationSupportsIndirectInputEvents = YES;
				INFOPLIST_KEY_UILaunchScreen_Generation = YES;
				INFOPLIST_KEY_UISupportedInterfaceOrientations_iPad = "UIInterfaceOrientationPortrait UIInterfaceOrientationPortraitUpsideDown UIInterfaceOrientationLandscapeLeft UIInterfaceOrientationLandscapeRight";
				INFOPLIST_KEY_UISupportedInterfaceOrientations_iPhone = "UIInterfaceOrientationPortrait UIInterfaceOrientationLandscapeLeft UIInterfaceOrientationLandscapeRight";
				LD_RUNPATH_SEARCH_PATHS = (
					"$(inherited)",
					"@executable_path/Frameworks",
				);
				MARKETING_VERSION = 1.0;
				PRODUCT_BUNDLE_IDENTIFIER = com.dugbotek.Tapping;
				PRODUCT_NAME = "$(TARGET_NAME)";
				SWIFT_EMIT_LOC_STRINGS = YES;
				SWIFT_VERSION = 5.0;
				TARGETED_DEVICE_FAMILY = "1,2";
			};
			name = Debug;
		};
		60DC29C3284FD5A40015CD9D /* Release */ = {
			isa = XCBuildConfiguration;
			buildSettings = {
				ASSETCATALOG_COMPILER_APPICON_NAME = AppIcon;
				ASSETCATALOG_COMPILER_GLOBAL_ACCENT_COLOR_NAME = AccentColor;
				CODE_SIGN_STYLE = Automatic;
				CURRENT_PROJECT_VERSION = 1;
				DEVELOPMENT_ASSET_PATHS = "\"Tapping/Preview Content\"";
				DEVELOPMENT_TEAM = R5KC6ZLS94;
				ENABLE_PREVIEWS = YES;
				GENERATE_INFOPLIST_FILE = YES;
				INFOPLIST_KEY_UIApplicationSceneManifest_Generation = YES;
				INFOPLIST_KEY_UIApplicationSupportsIndirectInputEvents = YES;
				INFOPLIST_KEY_UILaunchScreen_Generation = YES;
				INFOPLIST_KEY_UISupportedInterfaceOrientations_iPad = "UIInterfaceOrientationPortrait UIInterfaceOrientationPortraitUpsideDown UIInterfaceOrientationLandscapeLeft UIInterfaceOrientationLandscapeRight";
				INFOPLIST_KEY_UISupportedInterfaceOrientations_iPhone = "UIInterfaceOrientationPortrait UIInterfaceOrientationLandscapeLeft UIInterfaceOrientationLandscapeRight";
				LD_RUNPATH_SEARCH_PATHS = (
					"$(inherited)",
					"@executable_path/Frameworks",
				);
				MARKETING_VERSION = 1.0;
				PRODUCT_BUNDLE_IDENTIFIER = com.dugbotek.Tapping;
				PRODUCT_NAME = "$(TARGET_NAME)";
				SWIFT_EMIT_LOC_STRINGS = YES;
				SWIFT_VERSION = 5.0;
				TARGETED_DEVICE_FAMILY = "1,2";
			};
			name = Release;
		};
		60DC29C5284FD5A40015CD9D /* Debug */ = {
			isa = XCBuildConfiguration;
			buildSettings = {
				ALWAYS_EMBED_SWIFT_STANDARD_LIBRARIES = YES;
				BUNDLE_LOADER = "$(TEST_HOST)";
				CODE_SIGN_STYLE = Automatic;
				CURRENT_PROJECT_VERSION = 1;
				DEVELOPMENT_TEAM = R5KC6ZLS94;
				GENERATE_INFOPLIST_FILE = YES;
				IPHONEOS_DEPLOYMENT_TARGET = 15.2;
				MARKETING_VERSION = 1.0;
				PRODUCT_BUNDLE_IDENTIFIER = com.dugbotek.TappingTests;
				PRODUCT_NAME = "$(TARGET_NAME)";
				SWIFT_EMIT_LOC_STRINGS = NO;
				SWIFT_VERSION = 5.0;
				TARGETED_DEVICE_FAMILY = "1,2";
				TEST_HOST = "$(BUILT_PRODUCTS_DIR)/Tapping.app/Tapping";
			};
			name = Debug;
		};
		60DC29C6284FD5A40015CD9D /* Release */ = {
			isa = XCBuildConfiguration;
			buildSettings = {
				ALWAYS_EMBED_SWIFT_STANDARD_LIBRARIES = YES;
				BUNDLE_LOADER = "$(TEST_HOST)";
				CODE_SIGN_STYLE = Automatic;
				CURRENT_PROJECT_VERSION = 1;
				DEVELOPMENT_TEAM = R5KC6ZLS94;
				GENERATE_INFOPLIST_FILE = YES;
				IPHONEOS_DEPLOYMENT_TARGET = 15.2;
				MARKETING_VERSION = 1.0;
				PRODUCT_BUNDLE_IDENTIFIER = com.dugbotek.TappingTests;
				PRODUCT_NAME = "$(TARGET_NAME)";
				SWIFT_EMIT_LOC_STRINGS = NO;
				SWIFT_VERSION = 5.0;
				TARGETED_DEVICE_FAMILY = "1,2";
				TEST_HOST = "$(BUILT_PRODUCTS_DIR)/Tapping.app/Tapping";
			};
			name = Release;
		};
		60DC29C8284FD5A40015CD9D /* Debug */ = {
			isa = XCBuildConfiguration;
			buildSettings = {
				ALWAYS_EMBED_SWIFT_STANDARD_LIBRARIES = YES;
				CODE_SIGN_STYLE = Automatic;
				CURRENT_PROJECT_VERSION = 1;
				DEVELOPMENT_TEAM = R5KC6ZLS94;
				GENERATE_INFOPLIST_FILE = YES;
				MARKETING_VERSION = 1.0;
				PRODUCT_BUNDLE_IDENTIFIER = com.dugbotek.TappingUITests;
				PRODUCT_NAME = "$(TARGET_NAME)";
				SWIFT_EMIT_LOC_STRINGS = NO;
				SWIFT_VERSION = 5.0;
				TARGETED_DEVICE_FAMILY = "1,2";
				TEST_TARGET_NAME = Tapping;
			};
			name = Debug;
		};
		60DC29C9284FD5A40015CD9D /* Release */ = {
			isa = XCBuildConfiguration;
			buildSettings = {
				ALWAYS_EMBED_SWIFT_STANDARD_LIBRARIES = YES;
				CODE_SIGN_STYLE = Automatic;
				CURRENT_PROJECT_VERSION = 1;
				DEVELOPMENT_TEAM = R5KC6ZLS94;
				GENERATE_INFOPLIST_FILE = YES;
				MARKETING_VERSION = 1.0;
				PRODUCT_BUNDLE_IDENTIFIER = com.dugbotek.TappingUITests;
				PRODUCT_NAME = "$(TARGET_NAME)";
				SWIFT_EMIT_LOC_STRINGS = NO;
				SWIFT_VERSION = 5.0;
				TARGETED_DEVICE_FAMILY = "1,2";
				TEST_TARGET_NAME = Tapping;
			};
			name = Release;
		};
/* End XCBuildConfiguration section */

/* Begin XCConfigurationList section */
		60DC2993284FD5A00015CD9D /* Build configuration list for PBXProject "Tapping" */ = {
			isa = XCConfigurationList;
			buildConfigurations = (
				60DC29BF284FD5A40015CD9D /* Debug */,
				60DC29C0284FD5A40015CD9D /* Release */,
			);
			defaultConfigurationIsVisible = 0;
			defaultConfigurationName = Release;
		};
		60DC29C1284FD5A40015CD9D /* Build configuration list for PBXNativeTarget "Tapping" */ = {
			isa = XCConfigurationList;
			buildConfigurations = (
				60DC29C2284FD5A40015CD9D /* Debug */,
				60DC29C3284FD5A40015CD9D /* Release */,
			);
			defaultConfigurationIsVisible = 0;
			defaultConfigurationName = Release;
		};
		60DC29C4284FD5A40015CD9D /* Build configuration list for PBXNativeTarget "TappingTests" */ = {
			isa = XCConfigurationList;
			buildConfigurations = (
				60DC29C5284FD5A40015CD9D /* Debug */,
				60DC29C6284FD5A40015CD9D /* Release */,
			);
			defaultConfigurationIsVisible = 0;
			defaultConfigurationName = Release;
		};
		60DC29C7284FD5A40015CD9D /* Build configuration list for PBXNativeTarget "TappingUITests" */ = {
			isa = XCConfigurationList;
			buildConfigurations = (
				60DC29C8284FD5A40015CD9D /* Debug */,
				60DC29C9284FD5A40015CD9D /* Release */,
			);
			defaultConfigurationIsVisible = 0;
			defaultConfigurationName = Release;
		};
/* End XCConfigurationList section */

/* Begin XCVersionGroup section */
		60DC29A6284FD5A30015CD9D /* Tapping.xcdatamodeld */ = {
			isa = XCVersionGroup;
			children = (
				60DC29A7284FD5A30015CD9D /* Tapping.xcdatamodel */,
			);
			currentVersion = 60DC29A7284FD5A30015CD9D /* Tapping.xcdatamodel */;
			path = Tapping.xcdatamodeld;
			sourceTree = "<group>";
			versionGroupType = wrapper.xcdatamodel;
		};
/* End XCVersionGroup section */
	};
	rootObject = 60DC2990284FD5A00015CD9D /* Project object */;
}
